// !$*UTF8*$!
{
	archiveVersion = 1;
	classes = {
	};
	objectVersion = 56;
	objects = {

/* Begin PBXBuildFile section */
		8E6A54CA2AB4BA3B0067AC23 /* GmarketSansTTFBold.ttf in Resources */ = {isa = PBXBuildFile; fileRef = 8E6A54C92AB4BA3B0067AC23 /* GmarketSansTTFBold.ttf */; };
		8E6A54CC2AB4BA470067AC23 /* GmarketSansTTFMedium.ttf in Resources */ = {isa = PBXBuildFile; fileRef = 8E6A54CB2AB4BA470067AC23 /* GmarketSansTTFMedium.ttf */; };
		8E6A54CE2AB4BA500067AC23 /* GmarketSansTTFLight.ttf in Resources */ = {isa = PBXBuildFile; fileRef = 8E6A54CD2AB4BA500067AC23 /* GmarketSansTTFLight.ttf */; };
		8E6A54D82AB4BA6A0067AC23 /* NotoSansKR-SemiBold.ttf in Resources */ = {isa = PBXBuildFile; fileRef = 8E6A54CF2AB4BA690067AC23 /* NotoSansKR-SemiBold.ttf */; };
		8E6A54D92AB4BA6A0067AC23 /* NotoSansKR-Thin.ttf in Resources */ = {isa = PBXBuildFile; fileRef = 8E6A54D02AB4BA690067AC23 /* NotoSansKR-Thin.ttf */; };
		8E6A54DA2AB4BA6A0067AC23 /* NotoSansKR-Regular.ttf in Resources */ = {isa = PBXBuildFile; fileRef = 8E6A54D12AB4BA690067AC23 /* NotoSansKR-Regular.ttf */; };
		8E6A54DB2AB4BA6A0067AC23 /* NotoSansKR-ExtraLight.ttf in Resources */ = {isa = PBXBuildFile; fileRef = 8E6A54D22AB4BA6A0067AC23 /* NotoSansKR-ExtraLight.ttf */; };
		8E6A54DC2AB4BA6A0067AC23 /* NotoSansKR-ExtraBold.ttf in Resources */ = {isa = PBXBuildFile; fileRef = 8E6A54D32AB4BA6A0067AC23 /* NotoSansKR-ExtraBold.ttf */; };
		8E6A54DD2AB4BA6A0067AC23 /* NotoSansKR-Medium.ttf in Resources */ = {isa = PBXBuildFile; fileRef = 8E6A54D42AB4BA6A0067AC23 /* NotoSansKR-Medium.ttf */; };
		8E6A54DE2AB4BA6A0067AC23 /* NotoSansKR-Light.ttf in Resources */ = {isa = PBXBuildFile; fileRef = 8E6A54D52AB4BA6A0067AC23 /* NotoSansKR-Light.ttf */; };
		8E6A54DF2AB4BA6A0067AC23 /* NotoSansKR-Bold.ttf in Resources */ = {isa = PBXBuildFile; fileRef = 8E6A54D62AB4BA6A0067AC23 /* NotoSansKR-Bold.ttf */; };
		8E6A54E02AB4BA6A0067AC23 /* NotoSansKR-Black.ttf in Resources */ = {isa = PBXBuildFile; fileRef = 8E6A54D72AB4BA6A0067AC23 /* NotoSansKR-Black.ttf */; };
		8EA5A1ED2AB215EB00AAE23C /* AppDelegate.swift in Sources */ = {isa = PBXBuildFile; fileRef = 8EA5A1EC2AB215EB00AAE23C /* AppDelegate.swift */; };
		8EA5A1EF2AB215EB00AAE23C /* SceneDelegate.swift in Sources */ = {isa = PBXBuildFile; fileRef = 8EA5A1EE2AB215EB00AAE23C /* SceneDelegate.swift */; };
		8EA5A1F12AB215EB00AAE23C /* ViewController.swift in Sources */ = {isa = PBXBuildFile; fileRef = 8EA5A1F02AB215EB00AAE23C /* ViewController.swift */; };
		8EA5A1F42AB215EB00AAE23C /* Main.storyboard in Resources */ = {isa = PBXBuildFile; fileRef = 8EA5A1F22AB215EB00AAE23C /* Main.storyboard */; };
		8EA5A1F62AB215EC00AAE23C /* Assets.xcassets in Resources */ = {isa = PBXBuildFile; fileRef = 8EA5A1F52AB215EC00AAE23C /* Assets.xcassets */; };
		8EA5A1F92AB215EC00AAE23C /* LaunchScreen.storyboard in Resources */ = {isa = PBXBuildFile; fileRef = 8EA5A1F72AB215EC00AAE23C /* LaunchScreen.storyboard */; };
/* End PBXBuildFile section */

/* Begin PBXFileReference section */
		8E6A54C92AB4BA3B0067AC23 /* GmarketSansTTFBold.ttf */ = {isa = PBXFileReference; lastKnownFileType = file; path = GmarketSansTTFBold.ttf; sourceTree = "<group>"; };
		8E6A54CB2AB4BA470067AC23 /* GmarketSansTTFMedium.ttf */ = {isa = PBXFileReference; lastKnownFileType = file; name = GmarketSansTTFMedium.ttf; path = ../../../../Downloads/GmarketSansTTF/GmarketSansTTFMedium.ttf; sourceTree = "<group>"; };
		8E6A54CD2AB4BA500067AC23 /* GmarketSansTTFLight.ttf */ = {isa = PBXFileReference; lastKnownFileType = file; name = GmarketSansTTFLight.ttf; path = ../../../../Downloads/GmarketSansTTF/GmarketSansTTFLight.ttf; sourceTree = "<group>"; };
		8E6A54CF2AB4BA690067AC23 /* NotoSansKR-SemiBold.ttf */ = {isa = PBXFileReference; lastKnownFileType = file; path = "NotoSansKR-SemiBold.ttf"; sourceTree = "<group>"; };
		8E6A54D02AB4BA690067AC23 /* NotoSansKR-Thin.ttf */ = {isa = PBXFileReference; lastKnownFileType = file; path = "NotoSansKR-Thin.ttf"; sourceTree = "<group>"; };
		8E6A54D12AB4BA690067AC23 /* NotoSansKR-Regular.ttf */ = {isa = PBXFileReference; lastKnownFileType = file; path = "NotoSansKR-Regular.ttf"; sourceTree = "<group>"; };
		8E6A54D22AB4BA6A0067AC23 /* NotoSansKR-ExtraLight.ttf */ = {isa = PBXFileReference; lastKnownFileType = file; path = "NotoSansKR-ExtraLight.ttf"; sourceTree = "<group>"; };
		8E6A54D32AB4BA6A0067AC23 /* NotoSansKR-ExtraBold.ttf */ = {isa = PBXFileReference; lastKnownFileType = file; path = "NotoSansKR-ExtraBold.ttf"; sourceTree = "<group>"; };
		8E6A54D42AB4BA6A0067AC23 /* NotoSansKR-Medium.ttf */ = {isa = PBXFileReference; lastKnownFileType = file; path = "NotoSansKR-Medium.ttf"; sourceTree = "<group>"; };
		8E6A54D52AB4BA6A0067AC23 /* NotoSansKR-Light.ttf */ = {isa = PBXFileReference; lastKnownFileType = file; path = "NotoSansKR-Light.ttf"; sourceTree = "<group>"; };
		8E6A54D62AB4BA6A0067AC23 /* NotoSansKR-Bold.ttf */ = {isa = PBXFileReference; lastKnownFileType = file; path = "NotoSansKR-Bold.ttf"; sourceTree = "<group>"; };
		8E6A54D72AB4BA6A0067AC23 /* NotoSansKR-Black.ttf */ = {isa = PBXFileReference; lastKnownFileType = file; path = "NotoSansKR-Black.ttf"; sourceTree = "<group>"; };
		8EA5A1E92AB215EB00AAE23C /* UpDownGame.app */ = {isa = PBXFileReference; explicitFileType = wrapper.application; includeInIndex = 0; path = UpDownGame.app; sourceTree = BUILT_PRODUCTS_DIR; };
		8EA5A1EC2AB215EB00AAE23C /* AppDelegate.swift */ = {isa = PBXFileReference; lastKnownFileType = sourcecode.swift; path = AppDelegate.swift; sourceTree = "<group>"; };
		8EA5A1EE2AB215EB00AAE23C /* SceneDelegate.swift */ = {isa = PBXFileReference; lastKnownFileType = sourcecode.swift; path = SceneDelegate.swift; sourceTree = "<group>"; };
		8EA5A1F02AB215EB00AAE23C /* ViewController.swift */ = {isa = PBXFileReference; lastKnownFileType = sourcecode.swift; path = ViewController.swift; sourceTree = "<group>"; };
		8EA5A1F32AB215EB00AAE23C /* Base */ = {isa = PBXFileReference; lastKnownFileType = file.storyboard; name = Base; path = Base.lproj/Main.storyboard; sourceTree = "<group>"; };
		8EA5A1F52AB215EC00AAE23C /* Assets.xcassets */ = {isa = PBXFileReference; lastKnownFileType = folder.assetcatalog; path = Assets.xcassets; sourceTree = "<group>"; };
		8EA5A1F82AB215EC00AAE23C /* Base */ = {isa = PBXFileReference; lastKnownFileType = file.storyboard; name = Base; path = Base.lproj/LaunchScreen.storyboard; sourceTree = "<group>"; };
		8EA5A1FA2AB215EC00AAE23C /* Info.plist */ = {isa = PBXFileReference; lastKnownFileType = text.plist.xml; path = Info.plist; sourceTree = "<group>"; };
/* End PBXFileReference section */

/* Begin PBXFrameworksBuildPhase section */
		8EA5A1E62AB215EB00AAE23C /* Frameworks */ = {
			isa = PBXFrameworksBuildPhase;
			buildActionMask = 2147483647;
			files = (
			);
			runOnlyForDeploymentPostprocessing = 0;
		};
/* End PBXFrameworksBuildPhase section */

/* Begin PBXGroup section */
		8E6A54C52AB4B93E0067AC23 /* fonts */ = {
			isa = PBXGroup;
			children = (
				8E6A54C92AB4BA3B0067AC23 /* GmarketSansTTFBold.ttf */,
				8E6A54CB2AB4BA470067AC23 /* GmarketSansTTFMedium.ttf */,
				8E6A54CD2AB4BA500067AC23 /* GmarketSansTTFLight.ttf */,
				8E6A54D72AB4BA6A0067AC23 /* NotoSansKR-Black.ttf */,
				8E6A54D62AB4BA6A0067AC23 /* NotoSansKR-Bold.ttf */,
				8E6A54D32AB4BA6A0067AC23 /* NotoSansKR-ExtraBold.ttf */,
				8E6A54D22AB4BA6A0067AC23 /* NotoSansKR-ExtraLight.ttf */,
				8E6A54D52AB4BA6A0067AC23 /* NotoSansKR-Light.ttf */,
				8E6A54D42AB4BA6A0067AC23 /* NotoSansKR-Medium.ttf */,
				8E6A54D12AB4BA690067AC23 /* NotoSansKR-Regular.ttf */,
				8E6A54CF2AB4BA690067AC23 /* NotoSansKR-SemiBold.ttf */,
				8E6A54D02AB4BA690067AC23 /* NotoSansKR-Thin.ttf */,
			);
			path = fonts;
			sourceTree = "<group>";
		};
		8EA5A1E02AB215EB00AAE23C = {
			isa = PBXGroup;
			children = (
				8E6A54C52AB4B93E0067AC23 /* fonts */,
				8EA5A1EB2AB215EB00AAE23C /* UpDownGame */,
				8EA5A1EA2AB215EB00AAE23C /* Products */,
			);
			sourceTree = "<group>";
		};
		8EA5A1EA2AB215EB00AAE23C /* Products */ = {
			isa = PBXGroup;
			children = (
				8EA5A1E92AB215EB00AAE23C /* UpDownGame.app */,
			);
			name = Products;
			sourceTree = "<group>";
		};
		8EA5A1EB2AB215EB00AAE23C /* UpDownGame */ = {
			isa = PBXGroup;
			children = (
				8EA5A1EC2AB215EB00AAE23C /* AppDelegate.swift */,
				8EA5A1EE2AB215EB00AAE23C /* SceneDelegate.swift */,
				8EA5A1F02AB215EB00AAE23C /* ViewController.swift */,
				8EA5A1F22AB215EB00AAE23C /* Main.storyboard */,
				8EA5A1F52AB215EC00AAE23C /* Assets.xcassets */,
				8EA5A1F72AB215EC00AAE23C /* LaunchScreen.storyboard */,
				8EA5A1FA2AB215EC00AAE23C /* Info.plist */,
			);
			path = UpDownGame;
			sourceTree = "<group>";
		};
/* End PBXGroup section */

/* Begin PBXNativeTarget section */
		8EA5A1E82AB215EB00AAE23C /* UpDownGame */ = {
			isa = PBXNativeTarget;
			buildConfigurationList = 8EA5A1FD2AB215EC00AAE23C /* Build configuration list for PBXNativeTarget "UpDownGame" */;
			buildPhases = (
				8EA5A1E52AB215EB00AAE23C /* Sources */,
				8EA5A1E62AB215EB00AAE23C /* Frameworks */,
				8EA5A1E72AB215EB00AAE23C /* Resources */,
			);
			buildRules = (
			);
			dependencies = (
			);
			name = UpDownGame;
			productName = UpDownGame;
			productReference = 8EA5A1E92AB215EB00AAE23C /* UpDownGame.app */;
			productType = "com.apple.product-type.application";
		};
/* End PBXNativeTarget section */

/* Begin PBXProject section */
		8EA5A1E12AB215EB00AAE23C /* Project object */ = {
			isa = PBXProject;
			attributes = {
				BuildIndependentTargetsInParallel = 1;
				LastSwiftUpdateCheck = 1430;
				LastUpgradeCheck = 1430;
				TargetAttributes = {
					8EA5A1E82AB215EB00AAE23C = {
						CreatedOnToolsVersion = 14.3.1;
					};
				};
			};
			buildConfigurationList = 8EA5A1E42AB215EB00AAE23C /* Build configuration list for PBXProject "UpDownGame" */;
			compatibilityVersion = "Xcode 14.0";
			developmentRegion = en;
			hasScannedForEncodings = 0;
			knownRegions = (
				en,
				Base,
			);
			mainGroup = 8EA5A1E02AB215EB00AAE23C;
			productRefGroup = 8EA5A1EA2AB215EB00AAE23C /* Products */;
			projectDirPath = "";
			projectRoot = "";
			targets = (
				8EA5A1E82AB215EB00AAE23C /* UpDownGame */,
			);
		};
/* End PBXProject section */

/* Begin PBXResourcesBuildPhase section */
		8EA5A1E72AB215EB00AAE23C /* Resources */ = {
			isa = PBXResourcesBuildPhase;
			buildActionMask = 2147483647;
			files = (
				8EA5A1F92AB215EC00AAE23C /* LaunchScreen.storyboard in Resources */,
				8E6A54DC2AB4BA6A0067AC23 /* NotoSansKR-ExtraBold.ttf in Resources */,
				8E6A54D92AB4BA6A0067AC23 /* NotoSansKR-Thin.ttf in Resources */,
				8E6A54DA2AB4BA6A0067AC23 /* NotoSansKR-Regular.ttf in Resources */,
				8E6A54CA2AB4BA3B0067AC23 /* GmarketSansTTFBold.ttf in Resources */,
				8E6A54DF2AB4BA6A0067AC23 /* NotoSansKR-Bold.ttf in Resources */,
				8E6A54DE2AB4BA6A0067AC23 /* NotoSansKR-Light.ttf in Resources */,
				8E6A54D82AB4BA6A0067AC23 /* NotoSansKR-SemiBold.ttf in Resources */,
				8EA5A1F62AB215EC00AAE23C /* Assets.xcassets in Resources */,
				8E6A54CE2AB4BA500067AC23 /* GmarketSansTTFLight.ttf in Resources */,
				8EA5A1F42AB215EB00AAE23C /* Main.storyboard in Resources */,
				8E6A54DD2AB4BA6A0067AC23 /* NotoSansKR-Medium.ttf in Resources */,
				8E6A54DB2AB4BA6A0067AC23 /* NotoSansKR-ExtraLight.ttf in Resources */,
				8E6A54E02AB4BA6A0067AC23 /* NotoSansKR-Black.ttf in Resources */,
				8E6A54CC2AB4BA470067AC23 /* GmarketSansTTFMedium.ttf in Resources */,
			);
			runOnlyForDeploymentPostprocessing = 0;
		};
/* End PBXResourcesBuildPhase section */

/* Begin PBXSourcesBuildPhase section */
		8EA5A1E52AB215EB00AAE23C /* Sources */ = {
			isa = PBXSourcesBuildPhase;
			buildActionMask = 2147483647;
			files = (
				8EA5A1F12AB215EB00AAE23C /* ViewController.swift in Sources */,
				8EA5A1ED2AB215EB00AAE23C /* AppDelegate.swift in Sources */,
				8EA5A1EF2AB215EB00AAE23C /* SceneDelegate.swift in Sources */,
			);
			runOnlyForDeploymentPostprocessing = 0;
		};
/* End PBXSourcesBuildPhase section */

/* Begin PBXVariantGroup section */
		8EA5A1F22AB215EB00AAE23C /* Main.storyboard */ = {
			isa = PBXVariantGroup;
			children = (
				8EA5A1F32AB215EB00AAE23C /* Base */,
			);
			name = Main.storyboard;
			sourceTree = "<group>";
		};
		8EA5A1F72AB215EC00AAE23C /* LaunchScreen.storyboard */ = {
			isa = PBXVariantGroup;
			children = (
				8EA5A1F82AB215EC00AAE23C /* Base */,
			);
			name = LaunchScreen.storyboard;
			sourceTree = "<group>";
		};
/* End PBXVariantGroup section */

/* Begin XCBuildConfiguration section */
		8EA5A1FB2AB215EC00AAE23C /* Debug */ = {
			isa = XCBuildConfiguration;
			buildSettings = {
				ALWAYS_SEARCH_USER_PATHS = NO;
				CLANG_ANALYZER_NONNULL = YES;
				CLANG_ANALYZER_NUMBER_OBJECT_CONVERSION = YES_AGGRESSIVE;
				CLANG_CXX_LANGUAGE_STANDARD = "gnu++20";
				CLANG_ENABLE_MODULES = YES;
				CLANG_ENABLE_OBJC_ARC = YES;
				CLANG_ENABLE_OBJC_WEAK = YES;
				CLANG_WARN_BLOCK_CAPTURE_AUTORELEASING = YES;
				CLANG_WARN_BOOL_CONVERSION = YES;
				CLANG_WARN_COMMA = YES;
				CLANG_WARN_CONSTANT_CONVERSION = YES;
				CLANG_WARN_DEPRECATED_OBJC_IMPLEMENTATIONS = YES;
				CLANG_WARN_DIRECT_OBJC_ISA_USAGE = YES_ERROR;
				CLANG_WARN_DOCUMENTATION_COMMENTS = YES;
				CLANG_WARN_EMPTY_BODY = YES;
				CLANG_WARN_ENUM_CONVERSION = YES;
				CLANG_WARN_INFINITE_RECURSION = YES;
				CLANG_WARN_INT_CONVERSION = YES;
				CLANG_WARN_NON_LITERAL_NULL_CONVERSION = YES;
				CLANG_WARN_OBJC_IMPLICIT_RETAIN_SELF = YES;
				CLANG_WARN_OBJC_LITERAL_CONVERSION = YES;
				CLANG_WARN_OBJC_ROOT_CLASS = YES_ERROR;
				CLANG_WARN_QUOTED_INCLUDE_IN_FRAMEWORK_HEADER = YES;
				CLANG_WARN_RANGE_LOOP_ANALYSIS = YES;
				CLANG_WARN_STRICT_PROTOTYPES = YES;
				CLANG_WARN_SUSPICIOUS_MOVE = YES;
				CLANG_WARN_UNGUARDED_AVAILABILITY = YES_AGGRESSIVE;
				CLANG_WARN_UNREACHABLE_CODE = YES;
				CLANG_WARN__DUPLICATE_METHOD_MATCH = YES;
				COPY_PHASE_STRIP = NO;
				DEBUG_INFORMATION_FORMAT = dwarf;
				ENABLE_STRICT_OBJC_MSGSEND = YES;
				ENABLE_TESTABILITY = YES;
				GCC_C_LANGUAGE_STANDARD = gnu11;
				GCC_DYNAMIC_NO_PIC = NO;
				GCC_NO_COMMON_BLOCKS = YES;
				GCC_OPTIMIZATION_LEVEL = 0;
				GCC_PREPROCESSOR_DEFINITIONS = (
					"DEBUG=1",
					"$(inherited)",
				);
				GCC_WARN_64_TO_32_BIT_CONVERSION = YES;
				GCC_WARN_ABOUT_RETURN_TYPE = YES_ERROR;
				GCC_WARN_UNDECLARED_SELECTOR = YES;
				GCC_WARN_UNINITIALIZED_AUTOS = YES_AGGRESSIVE;
				GCC_WARN_UNUSED_FUNCTION = YES;
				GCC_WARN_UNUSED_VARIABLE = YES;
				IPHONEOS_DEPLOYMENT_TARGET = 16.4;
				MTL_ENABLE_DEBUG_INFO = INCLUDE_SOURCE;
				MTL_FAST_MATH = YES;
				ONLY_ACTIVE_ARCH = YES;
				SDKROOT = iphoneos;
				SWIFT_ACTIVE_COMPILATION_CONDITIONS = DEBUG;
				SWIFT_OPTIMIZATION_LEVEL = "-Onone";
			};
			name = Debug;
		};
		8EA5A1FC2AB215EC00AAE23C /* Release */ = {
			isa = XCBuildConfiguration;
			buildSettings = {
				ALWAYS_SEARCH_USER_PATHS = NO;
				CLANG_ANALYZER_NONNULL = YES;
				CLANG_ANALYZER_NUMBER_OBJECT_CONVERSION = YES_AGGRESSIVE;
				CLANG_CXX_LANGUAGE_STANDARD = "gnu++20";
				CLANG_ENABLE_MODULES = YES;
				CLANG_ENABLE_OBJC_ARC = YES;
				CLANG_ENABLE_OBJC_WEAK = YES;
				CLANG_WARN_BLOCK_CAPTURE_AUTORELEASING = YES;
				CLANG_WARN_BOOL_CONVERSION = YES;
				CLANG_WARN_COMMA = YES;
				CLANG_WARN_CONSTANT_CONVERSION = YES;
				CLANG_WARN_DEPRECATED_OBJC_IMPLEMENTATIONS = YES;
				CLANG_WARN_DIRECT_OBJC_ISA_USAGE = YES_ERROR;
				CLANG_WARN_DOCUMENTATION_COMMENTS = YES;
				CLANG_WARN_EMPTY_BODY = YES;
				CLANG_WARN_ENUM_CONVERSION = YES;
				CLANG_WARN_INFINITE_RECURSION = YES;
				CLANG_WARN_INT_CONVERSION = YES;
				CLANG_WARN_NON_LITERAL_NULL_CONVERSION = YES;
				CLANG_WARN_OBJC_IMPLICIT_RETAIN_SELF = YES;
				CLANG_WARN_OBJC_LITERAL_CONVERSION = YES;
				CLANG_WARN_OBJC_ROOT_CLASS = YES_ERROR;
				CLANG_WARN_QUOTED_INCLUDE_IN_FRAMEWORK_HEADER = YES;
				CLANG_WARN_RANGE_LOOP_ANALYSIS = YES;
				CLANG_WARN_STRICT_PROTOTYPES = YES;
				CLANG_WARN_SUSPICIOUS_MOVE = YES;
				CLANG_WARN_UNGUARDED_AVAILABILITY = YES_AGGRESSIVE;
				CLANG_WARN_UNREACHABLE_CODE = YES;
				CLANG_WARN__DUPLICATE_METHOD_MATCH = YES;
				COPY_PHASE_STRIP = NO;
				DEBUG_INFORMATION_FORMAT = "dwarf-with-dsym";
				ENABLE_NS_ASSERTIONS = NO;
				ENABLE_STRICT_OBJC_MSGSEND = YES;
				GCC_C_LANGUAGE_STANDARD = gnu11;
				GCC_NO_COMMON_BLOCKS = YES;
				GCC_WARN_64_TO_32_BIT_CONVERSION = YES;
				GCC_WARN_ABOUT_RETURN_TYPE = YES_ERROR;
				GCC_WARN_UNDECLARED_SELECTOR = YES;
				GCC_WARN_UNINITIALIZED_AUTOS = YES_AGGRESSIVE;
				GCC_WARN_UNUSED_FUNCTION = YES;
				GCC_WARN_UNUSED_VARIABLE = YES;
				IPHONEOS_DEPLOYMENT_TARGET = 16.4;
				MTL_ENABLE_DEBUG_INFO = NO;
				MTL_FAST_MATH = YES;
				SDKROOT = iphoneos;
				SWIFT_COMPILATION_MODE = wholemodule;
				SWIFT_OPTIMIZATION_LEVEL = "-O";
				VALIDATE_PRODUCT = YES;
			};
			name = Release;
		};
		8EA5A1FE2AB215EC00AAE23C /* Debug */ = {
			isa = XCBuildConfiguration;
			buildSettings = {
				ASSETCATALOG_COMPILER_APPICON_NAME = AppIcon;
				ASSETCATALOG_COMPILER_GLOBAL_ACCENT_COLOR_NAME = AccentColor;
				ASSETCATALOG_COMPILER_INCLUDE_ALL_APPICON_ASSETS = YES;
				CODE_SIGN_STYLE = Automatic;
				CURRENT_PROJECT_VERSION = 1;
				DEVELOPMENT_TEAM = N63SBJ4UPF;
				GENERATE_INFOPLIST_FILE = YES;
				INFOPLIST_FILE = UpDownGame/Info.plist;
				INFOPLIST_KEY_CFBundleDisplayName = "";
				INFOPLIST_KEY_LSApplicationCategoryType = "public.app-category.games";
				INFOPLIST_KEY_UIApplicationSupportsIndirectInputEvents = YES;
				INFOPLIST_KEY_UILaunchStoryboardName = LaunchScreen.storyboard;
				INFOPLIST_KEY_UIMainStoryboardFile = Main;
				INFOPLIST_KEY_UISupportedInterfaceOrientations = "UIInterfaceOrientationLandscapeLeft UIInterfaceOrientationLandscapeRight";
				INFOPLIST_KEY_UISupportedInterfaceOrientations_iPad = "UIInterfaceOrientationLandscapeLeft UIInterfaceOrientationLandscapeRight UIInterfaceOrientationPortrait UIInterfaceOrientationPortraitUpsideDown";
				IPHONEOS_DEPLOYMENT_TARGET = 14.0;
				LD_RUNPATH_SEARCH_PATHS = (
					"$(inherited)",
					"@executable_path/Frameworks",
				);
				MARKETING_VERSION = 1.0;
				PRODUCT_BUNDLE_IDENTIFIER = youngjoo.UpDownGame;
				PRODUCT_NAME = "$(TARGET_NAME)";
				SWIFT_EMIT_LOC_STRINGS = YES;
				SWIFT_VERSION = 5.0;
				TARGETED_DEVICE_FAMILY = "1,2";
			};
			name = Debug;
		};
		8EA5A1FF2AB215EC00AAE23C /* Release */ = {
			isa = XCBuildConfiguration;
			buildSettings = {
				ASSETCATALOG_COMPILER_APPICON_NAME = AppIcon;
				ASSETCATALOG_COMPILER_GLOBAL_ACCENT_COLOR_NAME = AccentColor;
				ASSETCATALOG_COMPILER_INCLUDE_ALL_APPICON_ASSETS = YES;
				CODE_SIGN_STYLE = Automatic;
				CURRENT_PROJECT_VERSION = 1;
				DEVELOPMENT_TEAM = N63SBJ4UPF;
				GENERATE_INFOPLIST_FILE = YES;
				INFOPLIST_FILE = UpDownGame/Info.plist;
				INFOPLIST_KEY_CFBundleDisplayName = "";
				INFOPLIST_KEY_LSApplicationCategoryType = "public.app-category.games";
				INFOPLIST_KEY_UIApplicationSupportsIndirectInputEvents = YES;
				INFOPLIST_KEY_UILaunchStoryboardName = LaunchScreen.storyboard;
				INFOPLIST_KEY_UIMainStoryboardFile = Main;
				INFOPLIST_KEY_UISupportedInterfaceOrientations = "UIInterfaceOrientationLandscapeLeft UIInterfaceOrientationLandscapeRight";
				INFOPLIST_KEY_UISupportedInterfaceOrientations_iPad = "UIInterfaceOrientationLandscapeLeft UIInterfaceOrientationLandscapeRight UIInterfaceOrientationPortrait UIInterfaceOrientationPortraitUpsideDown";
				IPHONEOS_DEPLOYMENT_TARGET = 14.0;
				LD_RUNPATH_SEARCH_PATHS = (
					"$(inherited)",
					"@executable_path/Frameworks",
				);
				MARKETING_VERSION = 1.0;
				PRODUCT_BUNDLE_IDENTIFIER = youngjoo.UpDownGame;
				PRODUCT_NAME = "$(TARGET_NAME)";
				SWIFT_EMIT_LOC_STRINGS = YES;
				SWIFT_VERSION = 5.0;
				TARGETED_DEVICE_FAMILY = "1,2";
			};
			name = Release;
		};
/* End XCBuildConfiguration section */

/* Begin XCConfigurationList section */
		8EA5A1E42AB215EB00AAE23C /* Build configuration list for PBXProject "UpDownGame" */ = {
			isa = XCConfigurationList;
			buildConfigurations = (
				8EA5A1FB2AB215EC00AAE23C /* Debug */,
				8EA5A1FC2AB215EC00AAE23C /* Release */,
			);
			defaultConfigurationIsVisible = 0;
			defaultConfigurationName = Release;
		};
		8EA5A1FD2AB215EC00AAE23C /* Build configuration list for PBXNativeTarget "UpDownGame" */ = {
			isa = XCConfigurationList;
			buildConfigurations = (
				8EA5A1FE2AB215EC00AAE23C /* Debug */,
				8EA5A1FF2AB215EC00AAE23C /* Release */,
			);
			defaultConfigurationIsVisible = 0;
			defaultConfigurationName = Release;
		};
/* End XCConfigurationList section */
	};
	rootObject = 8EA5A1E12AB215EB00AAE23C /* Project object */;
}
